// !$*UTF8*$!
{
	archiveVersion = 1;
	classes = {
	};
	objectVersion = 46;
	objects = {

/* Begin PBXBuildFile section */
		9215F81C83549169D5DB0748 /* Pods_AlamofireSample.framework in Frameworks */ = {isa = PBXBuildFile; fileRef = 4AEA42ED4B5C5B26B996260A /* Pods_AlamofireSample.framework */; };
		A8AC6D151E28D11E00E3D5DF /* Contacts.swift in Sources */ = {isa = PBXBuildFile; fileRef = A8AC6D121E28D11E00E3D5DF /* Contacts.swift */; };
		A8AC6D171E28D11E00E3D5DF /* Phone.swift in Sources */ = {isa = PBXBuildFile; fileRef = A8AC6D141E28D11E00E3D5DF /* Phone.swift */; };
		A8F4BF971E28A6D1001934E1 /* AppDelegate.swift in Sources */ = {isa = PBXBuildFile; fileRef = A8F4BF961E28A6D1001934E1 /* AppDelegate.swift */; };
		A8F4BF991E28A6D1001934E1 /* ViewController.swift in Sources */ = {isa = PBXBuildFile; fileRef = A8F4BF981E28A6D1001934E1 /* ViewController.swift */; };
		A8F4BF9C1E28A6D1001934E1 /* Main.storyboard in Resources */ = {isa = PBXBuildFile; fileRef = A8F4BF9A1E28A6D1001934E1 /* Main.storyboard */; };
		A8F4BF9E1E28A6D1001934E1 /* Assets.xcassets in Resources */ = {isa = PBXBuildFile; fileRef = A8F4BF9D1E28A6D1001934E1 /* Assets.xcassets */; };
		A8F4BFA11E28A6D1001934E1 /* LaunchScreen.storyboard in Resources */ = {isa = PBXBuildFile; fileRef = A8F4BF9F1E28A6D1001934E1 /* LaunchScreen.storyboard */; };
		A8F4BFAC1E28A6D2001934E1 /* AlamofireSampleTests.swift in Sources */ = {isa = PBXBuildFile; fileRef = A8F4BFAB1E28A6D2001934E1 /* AlamofireSampleTests.swift */; };
		A8F4BFB71E28A6D2001934E1 /* AlamofireSampleUITests.swift in Sources */ = {isa = PBXBuildFile; fileRef = A8F4BFB61E28A6D2001934E1 /* AlamofireSampleUITests.swift */; };
		CEB48820AAC3E8B3ECB50CCD /* Pods_AlamofireSampleTests.framework in Frameworks */ = {isa = PBXBuildFile; fileRef = 1F55072D75FEBD70AF983307 /* Pods_AlamofireSampleTests.framework */; };
		EE18EE972CD8CA266DE43225 /* Pods_AlamofireSampleUITests.framework in Frameworks */ = {isa = PBXBuildFile; fileRef = 4DE331F1A6303F38CF01FE98 /* Pods_AlamofireSampleUITests.framework */; };
/* End PBXBuildFile section */

/* Begin PBXContainerItemProxy section */
		A8F4BFA81E28A6D2001934E1 /* PBXContainerItemProxy */ = {
			isa = PBXContainerItemProxy;
			containerPortal = A8F4BF8B1E28A6D1001934E1 /* Project object */;
			proxyType = 1;
			remoteGlobalIDString = A8F4BF921E28A6D1001934E1;
			remoteInfo = AlamofireSample;
		};
		A8F4BFB31E28A6D2001934E1 /* PBXContainerItemProxy */ = {
			isa = PBXContainerItemProxy;
			containerPortal = A8F4BF8B1E28A6D1001934E1 /* Project object */;
			proxyType = 1;
			remoteGlobalIDString = A8F4BF921E28A6D1001934E1;
			remoteInfo = AlamofireSample;
		};
/* End PBXContainerItemProxy section */

/* Begin PBXFileReference section */
		0CF168E25386F0563169D016 /* Pods-AlamofireSampleUITests.release.xcconfig */ = {isa = PBXFileReference; includeInIndex = 1; lastKnownFileType = text.xcconfig; name = "Pods-AlamofireSampleUITests.release.xcconfig"; path = "Pods/Target Support Files/Pods-AlamofireSampleUITests/Pods-AlamofireSampleUITests.release.xcconfig"; sourceTree = "<group>"; };
		1F55072D75FEBD70AF983307 /* Pods_AlamofireSampleTests.framework */ = {isa = PBXFileReference; explicitFileType = wrapper.framework; includeInIndex = 0; path = Pods_AlamofireSampleTests.framework; sourceTree = BUILT_PRODUCTS_DIR; };
		42E2B4973CCD9BC98CD68CE0 /* Pods-AlamofireSample.release.xcconfig */ = {isa = PBXFileReference; includeInIndex = 1; lastKnownFileType = text.xcconfig; name = "Pods-AlamofireSample.release.xcconfig"; path = "Pods/Target Support Files/Pods-AlamofireSample/Pods-AlamofireSample.release.xcconfig"; sourceTree = "<group>"; };
		4AEA42ED4B5C5B26B996260A /* Pods_AlamofireSample.framework */ = {isa = PBXFileReference; explicitFileType = wrapper.framework; includeInIndex = 0; path = Pods_AlamofireSample.framework; sourceTree = BUILT_PRODUCTS_DIR; };
		4DE331F1A6303F38CF01FE98 /* Pods_AlamofireSampleUITests.framework */ = {isa = PBXFileReference; explicitFileType = wrapper.framework; includeInIndex = 0; path = Pods_AlamofireSampleUITests.framework; sourceTree = BUILT_PRODUCTS_DIR; };
		53275D9D01EEE9F47DBB8EFA /* Pods-AlamofireSample.debug.xcconfig */ = {isa = PBXFileReference; includeInIndex = 1; lastKnownFileType = text.xcconfig; name = "Pods-AlamofireSample.debug.xcconfig"; path = "Pods/Target Support Files/Pods-AlamofireSample/Pods-AlamofireSample.debug.xcconfig"; sourceTree = "<group>"; };
		9DE24BF06009B672F4F8DF1E /* Pods-AlamofireSampleTests.debug.xcconfig */ = {isa = PBXFileReference; includeInIndex = 1; lastKnownFileType = text.xcconfig; name = "Pods-AlamofireSampleTests.debug.xcconfig"; path = "Pods/Target Support Files/Pods-AlamofireSampleTests/Pods-AlamofireSampleTests.debug.xcconfig"; sourceTree = "<group>"; };
		A8AC6D121E28D11E00E3D5DF /* Contacts.swift */ = {isa = PBXFileReference; fileEncoding = 4; lastKnownFileType = sourcecode.swift; name = Contacts.swift; path = ../../../../Downloads/codegen_5878994e48752/Contacts.swift; sourceTree = "<group>"; };
		A8AC6D141E28D11E00E3D5DF /* Phone.swift */ = {isa = PBXFileReference; fileEncoding = 4; lastKnownFileType = sourcecode.swift; name = Phone.swift; path = ../../../../Downloads/codegen_5878994e48752/Phone.swift; sourceTree = "<group>"; };
		A8F4BF931E28A6D1001934E1 /* AlamofireSample.app */ = {isa = PBXFileReference; explicitFileType = wrapper.application; includeInIndex = 0; path = AlamofireSample.app; sourceTree = BUILT_PRODUCTS_DIR; };
		A8F4BF961E28A6D1001934E1 /* AppDelegate.swift */ = {isa = PBXFileReference; lastKnownFileType = sourcecode.swift; path = AppDelegate.swift; sourceTree = "<group>"; };
		A8F4BF981E28A6D1001934E1 /* ViewController.swift */ = {isa = PBXFileReference; lastKnownFileType = sourcecode.swift; path = ViewController.swift; sourceTree = "<group>"; };
		A8F4BF9B1E28A6D1001934E1 /* Base */ = {isa = PBXFileReference; lastKnownFileType = file.storyboard; name = Base; path = Base.lproj/Main.storyboard; sourceTree = "<group>"; };
		A8F4BF9D1E28A6D1001934E1 /* Assets.xcassets */ = {isa = PBXFileReference; lastKnownFileType = folder.assetcatalog; path = Assets.xcassets; sourceTree = "<group>"; };
		A8F4BFA01E28A6D1001934E1 /* Base */ = {isa = PBXFileReference; lastKnownFileType = file.storyboard; name = Base; path = Base.lproj/LaunchScreen.storyboard; sourceTree = "<group>"; };
		A8F4BFA21E28A6D1001934E1 /* Info.plist */ = {isa = PBXFileReference; lastKnownFileType = text.plist.xml; path = Info.plist; sourceTree = "<group>"; };
		A8F4BFA71E28A6D2001934E1 /* AlamofireSampleTests.xctest */ = {isa = PBXFileReference; explicitFileType = wrapper.cfbundle; includeInIndex = 0; path = AlamofireSampleTests.xctest; sourceTree = BUILT_PRODUCTS_DIR; };
		A8F4BFAB1E28A6D2001934E1 /* AlamofireSampleTests.swift */ = {isa = PBXFileReference; lastKnownFileType = sourcecode.swift; path = AlamofireSampleTests.swift; sourceTree = "<group>"; };
		A8F4BFAD1E28A6D2001934E1 /* Info.plist */ = {isa = PBXFileReference; lastKnownFileType = text.plist.xml; path = Info.plist; sourceTree = "<group>"; };
		A8F4BFB21E28A6D2001934E1 /* AlamofireSampleUITests.xctest */ = {isa = PBXFileReference; explicitFileType = wrapper.cfbundle; includeInIndex = 0; path = AlamofireSampleUITests.xctest; sourceTree = BUILT_PRODUCTS_DIR; };
		A8F4BFB61E28A6D2001934E1 /* AlamofireSampleUITests.swift */ = {isa = PBXFileReference; lastKnownFileType = sourcecode.swift; path = AlamofireSampleUITests.swift; sourceTree = "<group>"; };
		A8F4BFB81E28A6D2001934E1 /* Info.plist */ = {isa = PBXFileReference; lastKnownFileType = text.plist.xml; path = Info.plist; sourceTree = "<group>"; };
		D91A3BD8F0CC43FE6936D9F5 /* Pods-AlamofireSampleTests.release.xcconfig */ = {isa = PBXFileReference; includeInIndex = 1; lastKnownFileType = text.xcconfig; name = "Pods-AlamofireSampleTests.release.xcconfig"; path = "Pods/Target Support Files/Pods-AlamofireSampleTests/Pods-AlamofireSampleTests.release.xcconfig"; sourceTree = "<group>"; };
		E0176F3F4FB749C00D2CB107 /* Pods-AlamofireSampleUITests.debug.xcconfig */ = {isa = PBXFileReference; includeInIndex = 1; lastKnownFileType = text.xcconfig; name = "Pods-AlamofireSampleUITests.debug.xcconfig"; path = "Pods/Target Support Files/Pods-AlamofireSampleUITests/Pods-AlamofireSampleUITests.debug.xcconfig"; sourceTree = "<group>"; };
/* End PBXFileReference section */

/* Begin PBXFrameworksBuildPhase section */
		A8F4BF901E28A6D1001934E1 /* Frameworks */ = {
			isa = PBXFrameworksBuildPhase;
			buildActionMask = 2147483647;
			files = (
				9215F81C83549169D5DB0748 /* Pods_AlamofireSample.framework in Frameworks */,
			);
			runOnlyForDeploymentPostprocessing = 0;
		};
		A8F4BFA41E28A6D2001934E1 /* Frameworks */ = {
			isa = PBXFrameworksBuildPhase;
			buildActionMask = 2147483647;
			files = (
				CEB48820AAC3E8B3ECB50CCD /* Pods_AlamofireSampleTests.framework in Frameworks */,
			);
			runOnlyForDeploymentPostprocessing = 0;
		};
		A8F4BFAF1E28A6D2001934E1 /* Frameworks */ = {
			isa = PBXFrameworksBuildPhase;
			buildActionMask = 2147483647;
			files = (
				EE18EE972CD8CA266DE43225 /* Pods_AlamofireSampleUITests.framework in Frameworks */,
			);
			runOnlyForDeploymentPostprocessing = 0;
		};
/* End PBXFrameworksBuildPhase section */

/* Begin PBXGroup section */
		0AED41F81A9D3515039A401D /* Frameworks */ = {
			isa = PBXGroup;
			children = (
				4AEA42ED4B5C5B26B996260A /* Pods_AlamofireSample.framework */,
				1F55072D75FEBD70AF983307 /* Pods_AlamofireSampleTests.framework */,
				4DE331F1A6303F38CF01FE98 /* Pods_AlamofireSampleUITests.framework */,
			);
			name = Frameworks;
			sourceTree = "<group>";
		};
		A8F4BF8A1E28A6D1001934E1 = {
			isa = PBXGroup;
			children = (
				A8F4BF951E28A6D1001934E1 /* AlamofireSample */,
				A8F4BFAA1E28A6D2001934E1 /* AlamofireSampleTests */,
				A8F4BFB51E28A6D2001934E1 /* AlamofireSampleUITests */,
				A8F4BF941E28A6D1001934E1 /* Products */,
				DDD07658912F428B224F8F02 /* Pods */,
				0AED41F81A9D3515039A401D /* Frameworks */,
			);
			sourceTree = "<group>";
		};
		A8F4BF941E28A6D1001934E1 /* Products */ = {
			isa = PBXGroup;
			children = (
				A8F4BF931E28A6D1001934E1 /* AlamofireSample.app */,
				A8F4BFA71E28A6D2001934E1 /* AlamofireSampleTests.xctest */,
				A8F4BFB21E28A6D2001934E1 /* AlamofireSampleUITests.xctest */,
			);
			name = Products;
			sourceTree = "<group>";
		};
		A8F4BF951E28A6D1001934E1 /* AlamofireSample */ = {
			isa = PBXGroup;
			children = (
				A8AC6D121E28D11E00E3D5DF /* Contacts.swift */,
				A8AC6D141E28D11E00E3D5DF /* Phone.swift */,
				A8F4BF961E28A6D1001934E1 /* AppDelegate.swift */,
				A8F4BF981E28A6D1001934E1 /* ViewController.swift */,
				A8F4BF9A1E28A6D1001934E1 /* Main.storyboard */,
				A8F4BF9D1E28A6D1001934E1 /* Assets.xcassets */,
				A8F4BF9F1E28A6D1001934E1 /* LaunchScreen.storyboard */,
				A8F4BFA21E28A6D1001934E1 /* Info.plist */,
			);
			path = AlamofireSample;
			sourceTree = "<group>";
		};
		A8F4BFAA1E28A6D2001934E1 /* AlamofireSampleTests */ = {
			isa = PBXGroup;
			children = (
				A8F4BFAB1E28A6D2001934E1 /* AlamofireSampleTests.swift */,
				A8F4BFAD1E28A6D2001934E1 /* Info.plist */,
			);
			path = AlamofireSampleTests;
			sourceTree = "<group>";
		};
		A8F4BFB51E28A6D2001934E1 /* AlamofireSampleUITests */ = {
			isa = PBXGroup;
			children = (
				A8F4BFB61E28A6D2001934E1 /* AlamofireSampleUITests.swift */,
				A8F4BFB81E28A6D2001934E1 /* Info.plist */,
			);
			path = AlamofireSampleUITests;
			sourceTree = "<group>";
		};
		DDD07658912F428B224F8F02 /* Pods */ = {
			isa = PBXGroup;
			children = (
				53275D9D01EEE9F47DBB8EFA /* Pods-AlamofireSample.debug.xcconfig */,
				42E2B4973CCD9BC98CD68CE0 /* Pods-AlamofireSample.release.xcconfig */,
				9DE24BF06009B672F4F8DF1E /* Pods-AlamofireSampleTests.debug.xcconfig */,
				D91A3BD8F0CC43FE6936D9F5 /* Pods-AlamofireSampleTests.release.xcconfig */,
				E0176F3F4FB749C00D2CB107 /* Pods-AlamofireSampleUITests.debug.xcconfig */,
				0CF168E25386F0563169D016 /* Pods-AlamofireSampleUITests.release.xcconfig */,
			);
			name = Pods;
			sourceTree = "<group>";
		};
/* End PBXGroup section */

/* Begin PBXNativeTarget section */
		A8F4BF921E28A6D1001934E1 /* AlamofireSample */ = {
			isa = PBXNativeTarget;
			buildConfigurationList = A8F4BFBB1E28A6D2001934E1 /* Build configuration list for PBXNativeTarget "AlamofireSample" */;
			buildPhases = (
				9B7A6B4164CE36B57BB128D8 /* [CP] Check Pods Manifest.lock */,
				A8F4BF8F1E28A6D1001934E1 /* Sources */,
				A8F4BF901E28A6D1001934E1 /* Frameworks */,
				A8F4BF911E28A6D1001934E1 /* Resources */,
				4563CA83E281352618453344 /* [CP] Embed Pods Frameworks */,
				598F04EAD0802FFF5DD629CC /* [CP] Copy Pods Resources */,
			);
			buildRules = (
			);
			dependencies = (
			);
			name = AlamofireSample;
			productName = AlamofireSample;
			productReference = A8F4BF931E28A6D1001934E1 /* AlamofireSample.app */;
			productType = "com.apple.product-type.application";
		};
		A8F4BFA61E28A6D2001934E1 /* AlamofireSampleTests */ = {
			isa = PBXNativeTarget;
			buildConfigurationList = A8F4BFBE1E28A6D2001934E1 /* Build configuration list for PBXNativeTarget "AlamofireSampleTests" */;
			buildPhases = (
				19F433ADFEA8B6AD73AF26D3 /* [CP] Check Pods Manifest.lock */,
				A8F4BFA31E28A6D2001934E1 /* Sources */,
				A8F4BFA41E28A6D2001934E1 /* Frameworks */,
				A8F4BFA51E28A6D2001934E1 /* Resources */,
				34AD6F3CFA1E6FA07AEA2CCD /* [CP] Embed Pods Frameworks */,
				8EA0F2E9254C4E4184B38763 /* [CP] Copy Pods Resources */,
			);
			buildRules = (
			);
			dependencies = (
				A8F4BFA91E28A6D2001934E1 /* PBXTargetDependency */,
			);
			name = AlamofireSampleTests;
			productName = AlamofireSampleTests;
			productReference = A8F4BFA71E28A6D2001934E1 /* AlamofireSampleTests.xctest */;
			productType = "com.apple.product-type.bundle.unit-test";
		};
		A8F4BFB11E28A6D2001934E1 /* AlamofireSampleUITests */ = {
			isa = PBXNativeTarget;
			buildConfigurationList = A8F4BFC11E28A6D2001934E1 /* Build configuration list for PBXNativeTarget "AlamofireSampleUITests" */;
			buildPhases = (
				9D210AA2E9A03580EE18AA7B /* [CP] Check Pods Manifest.lock */,
				A8F4BFAE1E28A6D2001934E1 /* Sources */,
				A8F4BFAF1E28A6D2001934E1 /* Frameworks */,
				A8F4BFB01E28A6D2001934E1 /* Resources */,
				20B84F3893B44D239DA6105E /* [CP] Embed Pods Frameworks */,
				7EABB59B4F48515AE8DCBD3F /* [CP] Copy Pods Resources */,
			);
			buildRules = (
			);
			dependencies = (
				A8F4BFB41E28A6D2001934E1 /* PBXTargetDependency */,
			);
			name = AlamofireSampleUITests;
			productName = AlamofireSampleUITests;
			productReference = A8F4BFB21E28A6D2001934E1 /* AlamofireSampleUITests.xctest */;
			productType = "com.apple.product-type.bundle.ui-testing";
		};
/* End PBXNativeTarget section */

/* Begin PBXProject section */
		A8F4BF8B1E28A6D1001934E1 /* Project object */ = {
			isa = PBXProject;
			attributes = {
				LastSwiftUpdateCheck = 0810;
				LastUpgradeCheck = 0820;
				ORGANIZATIONNAME = sedintechnologies;
				TargetAttributes = {
					A8F4BF921E28A6D1001934E1 = {
						CreatedOnToolsVersion = 8.1;
						DevelopmentTeam = 277RFNKK2M;
						ProvisioningStyle = Automatic;
					};
					A8F4BFA61E28A6D2001934E1 = {
						CreatedOnToolsVersion = 8.1;
						DevelopmentTeam = 277RFNKK2M;
						ProvisioningStyle = Automatic;
						TestTargetID = A8F4BF921E28A6D1001934E1;
					};
					A8F4BFB11E28A6D2001934E1 = {
						CreatedOnToolsVersion = 8.1;
						DevelopmentTeam = 277RFNKK2M;
						ProvisioningStyle = Automatic;
						TestTargetID = A8F4BF921E28A6D1001934E1;
					};
				};
			};
			buildConfigurationList = A8F4BF8E1E28A6D1001934E1 /* Build configuration list for PBXProject "AlamofireSample" */;
			compatibilityVersion = "Xcode 3.2";
			developmentRegion = English;
			hasScannedForEncodings = 0;
			knownRegions = (
				en,
				Base,
			);
			mainGroup = A8F4BF8A1E28A6D1001934E1;
			productRefGroup = A8F4BF941E28A6D1001934E1 /* Products */;
			projectDirPath = "";
			projectRoot = "";
			targets = (
				A8F4BF921E28A6D1001934E1 /* AlamofireSample */,
				A8F4BFA61E28A6D2001934E1 /* AlamofireSampleTests */,
				A8F4BFB11E28A6D2001934E1 /* AlamofireSampleUITests */,
			);
		};
/* End PBXProject section */

/* Begin PBXResourcesBuildPhase section */
		A8F4BF911E28A6D1001934E1 /* Resources */ = {
			isa = PBXResourcesBuildPhase;
			buildActionMask = 2147483647;
			files = (
				A8F4BFA11E28A6D1001934E1 /* LaunchScreen.storyboard in Resources */,
				A8F4BF9E1E28A6D1001934E1 /* Assets.xcassets in Resources */,
				A8F4BF9C1E28A6D1001934E1 /* Main.storyboard in Resources */,
			);
			runOnlyForDeploymentPostprocessing = 0;
		};
		A8F4BFA51E28A6D2001934E1 /* Resources */ = {
			isa = PBXResourcesBuildPhase;
			buildActionMask = 2147483647;
			files = (
			);
			runOnlyForDeploymentPostprocessing = 0;
		};
		A8F4BFB01E28A6D2001934E1 /* Resources */ = {
			isa = PBXResourcesBuildPhase;
			buildActionMask = 2147483647;
			files = (
			);
			runOnlyForDeploymentPostprocessing = 0;
		};
/* End PBXResourcesBuildPhase section */

/* Begin PBXShellScriptBuildPhase section */
		19F433ADFEA8B6AD73AF26D3 /* [CP] Check Pods Manifest.lock */ = {
			isa = PBXShellScriptBuildPhase;
			buildActionMask = 2147483647;
			files = (
			);
			inputPaths = (
			);
			name = "[CP] Check Pods Manifest.lock";
			outputPaths = (
			);
			runOnlyForDeploymentPostprocessing = 0;
			shellPath = /bin/sh;
			shellScript = "diff \"${PODS_ROOT}/../Podfile.lock\" \"${PODS_ROOT}/Manifest.lock\" > /dev/null\nif [ $? != 0 ] ; then\n    # print error to STDERR\n    echo \"error: The sandbox is not in sync with the Podfile.lock. Run 'pod install' or update your CocoaPods installation.\" >&2\n    exit 1\nfi\n";
			showEnvVarsInLog = 0;
		};
		20B84F3893B44D239DA6105E /* [CP] Embed Pods Frameworks */ = {
			isa = PBXShellScriptBuildPhase;
			buildActionMask = 2147483647;
			files = (
			);
			inputPaths = (
			);
			name = "[CP] Embed Pods Frameworks";
			outputPaths = (
			);
			runOnlyForDeploymentPostprocessing = 0;
			shellPath = /bin/sh;
			shellScript = "\"${SRCROOT}/Pods/Target Support Files/Pods-AlamofireSampleUITests/Pods-AlamofireSampleUITests-frameworks.sh\"\n";
			showEnvVarsInLog = 0;
		};
		34AD6F3CFA1E6FA07AEA2CCD /* [CP] Embed Pods Frameworks */ = {
			isa = PBXShellScriptBuildPhase;
			buildActionMask = 2147483647;
			files = (
			);
			inputPaths = (
			);
			name = "[CP] Embed Pods Frameworks";
			outputPaths = (
			);
			runOnlyForDeploymentPostprocessing = 0;
			shellPath = /bin/sh;
			shellScript = "\"${SRCROOT}/Pods/Target Support Files/Pods-AlamofireSampleTests/Pods-AlamofireSampleTests-frameworks.sh\"\n";
			showEnvVarsInLog = 0;
		};
		4563CA83E281352618453344 /* [CP] Embed Pods Frameworks */ = {
			isa = PBXShellScriptBuildPhase;
			buildActionMask = 2147483647;
			files = (
			);
			inputPaths = (
			);
			name = "[CP] Embed Pods Frameworks";
			outputPaths = (
			);
			runOnlyForDeploymentPostprocessing = 0;
			shellPath = /bin/sh;
			shellScript = "\"${SRCROOT}/Pods/Target Support Files/Pods-AlamofireSample/Pods-AlamofireSample-frameworks.sh\"\n";
			showEnvVarsInLog = 0;
		};
		598F04EAD0802FFF5DD629CC /* [CP] Copy Pods Resources */ = {
			isa = PBXShellScriptBuildPhase;
			buildActionMask = 2147483647;
			files = (
			);
			inputPaths = (
			);
			name = "[CP] Copy Pods Resources";
			outputPaths = (
			);
			runOnlyForDeploymentPostprocessing = 0;
			shellPath = /bin/sh;
			shellScript = "\"${SRCROOT}/Pods/Target Support Files/Pods-AlamofireSample/Pods-AlamofireSample-resources.sh\"\n";
			showEnvVarsInLog = 0;
		};
		7EABB59B4F48515AE8DCBD3F /* [CP] Copy Pods Resources */ = {
			isa = PBXShellScriptBuildPhase;
			buildActionMask = 2147483647;
			files = (
			);
			inputPaths = (
			);
			name = "[CP] Copy Pods Resources";
			outputPaths = (
			);
			runOnlyForDeploymentPostprocessing = 0;
			shellPath = /bin/sh;
			shellScript = "\"${SRCROOT}/Pods/Target Support Files/Pods-AlamofireSampleUITests/Pods-AlamofireSampleUITests-resources.sh\"\n";
			showEnvVarsInLog = 0;
		};
		8EA0F2E9254C4E4184B38763 /* [CP] Copy Pods Resources */ = {
			isa = PBXShellScriptBuildPhase;
			buildActionMask = 2147483647;
			files = (
			);
			inputPaths = (
			);
			name = "[CP] Copy Pods Resources";
			outputPaths = (
			);
			runOnlyForDeploymentPostprocessing = 0;
			shellPath = /bin/sh;
			shellScript = "\"${SRCROOT}/Pods/Target Support Files/Pods-AlamofireSampleTests/Pods-AlamofireSampleTests-resources.sh\"\n";
			showEnvVarsInLog = 0;
		};
		9B7A6B4164CE36B57BB128D8 /* [CP] Check Pods Manifest.lock */ = {
			isa = PBXShellScriptBuildPhase;
			buildActionMask = 2147483647;
			files = (
			);
			inputPaths = (
			);
			name = "[CP] Check Pods Manifest.lock";
			outputPaths = (
			);
			runOnlyForDeploymentPostprocessing = 0;
			shellPath = /bin/sh;
			shellScript = "diff \"${PODS_ROOT}/../Podfile.lock\" \"${PODS_ROOT}/Manifest.lock\" > /dev/null\nif [ $? != 0 ] ; then\n    # print error to STDERR\n    echo \"error: The sandbox is not in sync with the Podfile.lock. Run 'pod install' or update your CocoaPods installation.\" >&2\n    exit 1\nfi\n";
			showEnvVarsInLog = 0;
		};
		9D210AA2E9A03580EE18AA7B /* [CP] Check Pods Manifest.lock */ = {
			isa = PBXShellScriptBuildPhase;
			buildActionMask = 2147483647;
			files = (
			);
			inputPaths = (
			);
			name = "[CP] Check Pods Manifest.lock";
			outputPaths = (
			);
			runOnlyForDeploymentPostprocessing = 0;
			shellPath = /bin/sh;
			shellScript = "diff \"${PODS_ROOT}/../Podfile.lock\" \"${PODS_ROOT}/Manifest.lock\" > /dev/null\nif [ $? != 0 ] ; then\n    # print error to STDERR\n    echo \"error: The sandbox is not in sync with the Podfile.lock. Run 'pod install' or update your CocoaPods installation.\" >&2\n    exit 1\nfi\n";
			showEnvVarsInLog = 0;
		};
/* End PBXShellScriptBuildPhase section */

/* Begin PBXSourcesBuildPhase section */
		A8F4BF8F1E28A6D1001934E1 /* Sources */ = {
			isa = PBXSourcesBuildPhase;
			buildActionMask = 2147483647;
			files = (
				A8AC6D171E28D11E00E3D5DF /* Phone.swift in Sources */,
				A8F4BF991E28A6D1001934E1 /* ViewController.swift in Sources */,
				A8F4BF971E28A6D1001934E1 /* AppDelegate.swift in Sources */,
				A8AC6D151E28D11E00E3D5DF /* Contacts.swift in Sources */,
			);
			runOnlyForDeploymentPostprocessing = 0;
		};
		A8F4BFA31E28A6D2001934E1 /* Sources */ = {
			isa = PBXSourcesBuildPhase;
			buildActionMask = 2147483647;
			files = (
				A8F4BFAC1E28A6D2001934E1 /* AlamofireSampleTests.swift in Sources */,
			);
			runOnlyForDeploymentPostprocessing = 0;
		};
		A8F4BFAE1E28A6D2001934E1 /* Sources */ = {
			isa = PBXSourcesBuildPhase;
			buildActionMask = 2147483647;
			files = (
				A8F4BFB71E28A6D2001934E1 /* AlamofireSampleUITests.swift in Sources */,
			);
			runOnlyForDeploymentPostprocessing = 0;
		};
/* End PBXSourcesBuildPhase section */

/* Begin PBXTargetDependency section */
		A8F4BFA91E28A6D2001934E1 /* PBXTargetDependency */ = {
			isa = PBXTargetDependency;
			target = A8F4BF921E28A6D1001934E1 /* AlamofireSample */;
			targetProxy = A8F4BFA81E28A6D2001934E1 /* PBXContainerItemProxy */;
		};
		A8F4BFB41E28A6D2001934E1 /* PBXTargetDependency */ = {
			isa = PBXTargetDependency;
			target = A8F4BF921E28A6D1001934E1 /* AlamofireSample */;
			targetProxy = A8F4BFB31E28A6D2001934E1 /* PBXContainerItemProxy */;
		};
/* End PBXTargetDependency section */

/* Begin PBXVariantGroup section */
		A8F4BF9A1E28A6D1001934E1 /* Main.storyboard */ = {
			isa = PBXVariantGroup;
			children = (
				A8F4BF9B1E28A6D1001934E1 /* Base */,
			);
			name = Main.storyboard;
			sourceTree = "<group>";
		};
		A8F4BF9F1E28A6D1001934E1 /* LaunchScreen.storyboard */ = {
			isa = PBXVariantGroup;
			children = (
				A8F4BFA01E28A6D1001934E1 /* Base */,
			);
			name = LaunchScreen.storyboard;
			sourceTree = "<group>";
		};
/* End PBXVariantGroup section */

/* Begin XCBuildConfiguration section */
		A8F4BFB91E28A6D2001934E1 /* Debug */ = {
			isa = XCBuildConfiguration;
			buildSettings = {
				ALWAYS_SEARCH_USER_PATHS = NO;
				CLANG_ANALYZER_NONNULL = YES;
				CLANG_CXX_LANGUAGE_STANDARD = "gnu++0x";
				CLANG_CXX_LIBRARY = "libc++";
				CLANG_ENABLE_MODULES = YES;
				CLANG_ENABLE_OBJC_ARC = YES;
				CLANG_WARN_BOOL_CONVERSION = YES;
				CLANG_WARN_CONSTANT_CONVERSION = YES;
				CLANG_WARN_DIRECT_OBJC_ISA_USAGE = YES_ERROR;
				CLANG_WARN_DOCUMENTATION_COMMENTS = YES;
				CLANG_WARN_EMPTY_BODY = YES;
				CLANG_WARN_ENUM_CONVERSION = YES;
				CLANG_WARN_INFINITE_RECURSION = YES;
				CLANG_WARN_INT_CONVERSION = YES;
				CLANG_WARN_OBJC_ROOT_CLASS = YES_ERROR;
				CLANG_WARN_SUSPICIOUS_MOVE = YES;
				CLANG_WARN_SUSPICIOUS_MOVES = YES;
				CLANG_WARN_UNREACHABLE_CODE = YES;
				CLANG_WARN__DUPLICATE_METHOD_MATCH = YES;
				"CODE_SIGN_IDENTITY[sdk=iphoneos*]" = "iPhone Developer";
				COPY_PHASE_STRIP = NO;
				DEBUG_INFORMATION_FORMAT = dwarf;
				ENABLE_STRICT_OBJC_MSGSEND = YES;
				ENABLE_TESTABILITY = YES;
				GCC_C_LANGUAGE_STANDARD = gnu99;
				GCC_DYNAMIC_NO_PIC = NO;
				GCC_NO_COMMON_BLOCKS = YES;
				GCC_OPTIMIZATION_LEVEL = 0;
				GCC_PREPROCESSOR_DEFINITIONS = (
					"DEBUG=1",
					"$(inherited)",
				);
				GCC_WARN_64_TO_32_BIT_CONVERSION = YES;
				GCC_WARN_ABOUT_RETURN_TYPE = YES_ERROR;
				GCC_WARN_UNDECLARED_SELECTOR = YES;
				GCC_WARN_UNINITIALIZED_AUTOS = YES_AGGRESSIVE;
				GCC_WARN_UNUSED_FUNCTION = YES;
				GCC_WARN_UNUSED_VARIABLE = YES;
				IPHONEOS_DEPLOYMENT_TARGET = 10.1;
				MTL_ENABLE_DEBUG_INFO = YES;
				ONLY_ACTIVE_ARCH = YES;
				SDKROOT = iphoneos;
				SWIFT_ACTIVE_COMPILATION_CONDITIONS = DEBUG;
				SWIFT_OPTIMIZATION_LEVEL = "-Onone";
			};
			name = Debug;
		};
		A8F4BFBA1E28A6D2001934E1 /* Release */ = {
			isa = XCBuildConfiguration;
			buildSettings = {
				ALWAYS_SEARCH_USER_PATHS = NO;
				CLANG_ANALYZER_NONNULL = YES;
				CLANG_CXX_LANGUAGE_STANDARD = "gnu++0x";
				CLANG_CXX_LIBRARY = "libc++";
				CLANG_ENABLE_MODULES = YES;
				CLANG_ENABLE_OBJC_ARC = YES;
				CLANG_WARN_BOOL_CONVERSION = YES;
				CLANG_WARN_CONSTANT_CONVERSION = YES;
				CLANG_WARN_DIRECT_OBJC_ISA_USAGE = YES_ERROR;
				CLANG_WARN_DOCUMENTATION_COMMENTS = YES;
				CLANG_WARN_EMPTY_BODY = YES;
				CLANG_WARN_ENUM_CONVERSION = YES;
				CLANG_WARN_INFINITE_RECURSION = YES;
				CLANG_WARN_INT_CONVERSION = YES;
				CLANG_WARN_OBJC_ROOT_CLASS = YES_ERROR;
				CLANG_WARN_SUSPICIOUS_MOVE = YES;
				CLANG_WARN_SUSPICIOUS_MOVES = YES;
				CLANG_WARN_UNREACHABLE_CODE = YES;
				CLANG_WARN__DUPLICATE_METHOD_MATCH = YES;
				"CODE_SIGN_IDENTITY[sdk=iphoneos*]" = "iPhone Developer";
				COPY_PHASE_STRIP = NO;
				DEBUG_INFORMATION_FORMAT = "dwarf-with-dsym";
				ENABLE_NS_ASSERTIONS = NO;
				ENABLE_STRICT_OBJC_MSGSEND = YES;
				GCC_C_LANGUAGE_STANDARD = gnu99;
				GCC_NO_COMMON_BLOCKS = YES;
				GCC_WARN_64_TO_32_BIT_CONVERSION = YES;
				GCC_WARN_ABOUT_RETURN_TYPE = YES_ERROR;
				GCC_WARN_UNDECLARED_SELECTOR = YES;
				GCC_WARN_UNINITIALIZED_AUTOS = YES_AGGRESSIVE;
				GCC_WARN_UNUSED_FUNCTION = YES;
				GCC_WARN_UNUSED_VARIABLE = YES;
				IPHONEOS_DEPLOYMENT_TARGET = 10.1;
				MTL_ENABLE_DEBUG_INFO = NO;
				SDKROOT = iphoneos;
				SWIFT_OPTIMIZATION_LEVEL = "-Owholemodule";
				VALIDATE_PRODUCT = YES;
			};
			name = Release;
		};
		A8F4BFBC1E28A6D2001934E1 /* Debug */ = {
			isa = XCBuildConfiguration;
			baseConfigurationReference = 53275D9D01EEE9F47DBB8EFA /* Pods-AlamofireSample.debug.xcconfig */;
			buildSettings = {
				ALWAYS_EMBED_SWIFT_STANDARD_LIBRARIES = YES;
				ASSETCATALOG_COMPILER_APPICON_NAME = AppIcon;
				DEVELOPMENT_TEAM = 277RFNKK2M;
				INFOPLIST_FILE = AlamofireSample/Info.plist;
				LD_RUNPATH_SEARCH_PATHS = "$(inherited) @executable_path/Frameworks";
				PRODUCT_BUNDLE_IDENTIFIER = com.sedintechnologies.AlamofireSample;
				PRODUCT_NAME = "$(TARGET_NAME)";
				SWIFT_VERSION = 3.0;
			};
			name = Debug;
		};
		A8F4BFBD1E28A6D2001934E1 /* Release */ = {
			isa = XCBuildConfiguration;
			baseConfigurationReference = 42E2B4973CCD9BC98CD68CE0 /* Pods-AlamofireSample.release.xcconfig */;
			buildSettings = {
				ALWAYS_EMBED_SWIFT_STANDARD_LIBRARIES = YES;
				ASSETCATALOG_COMPILER_APPICON_NAME = AppIcon;
				DEVELOPMENT_TEAM = 277RFNKK2M;
				INFOPLIST_FILE = AlamofireSample/Info.plist;
				LD_RUNPATH_SEARCH_PATHS = "$(inherited) @executable_path/Frameworks";
				PRODUCT_BUNDLE_IDENTIFIER = com.sedintechnologies.AlamofireSample;
				PRODUCT_NAME = "$(TARGET_NAME)";
				SWIFT_VERSION = 3.0;
			};
			name = Release;
		};
		A8F4BFBF1E28A6D2001934E1 /* Debug */ = {
			isa = XCBuildConfiguration;
			baseConfigurationReference = 9DE24BF06009B672F4F8DF1E /* Pods-AlamofireSampleTests.debug.xcconfig */;
			buildSettings = {
				ALWAYS_EMBED_SWIFT_STANDARD_LIBRARIES = YES;
				BUNDLE_LOADER = "$(TEST_HOST)";
				DEVELOPMENT_TEAM = 277RFNKK2M;
				INFOPLIST_FILE = AlamofireSampleTests/Info.plist;
				LD_RUNPATH_SEARCH_PATHS = "$(inherited) @executable_path/Frameworks @loader_path/Frameworks";
				PRODUCT_BUNDLE_IDENTIFIER = com.sedintechnologies.AlamofireSampleTests;
				PRODUCT_NAME = "$(TARGET_NAME)";
				SWIFT_VERSION = 3.0;
				TEST_HOST = "$(BUILT_PRODUCTS_DIR)/AlamofireSample.app/AlamofireSample";
			};
			name = Debug;
		};
		A8F4BFC01E28A6D2001934E1 /* Release */ = {
			isa = XCBuildConfiguration;
			baseConfigurationReference = D91A3BD8F0CC43FE6936D9F5 /* Pods-AlamofireSampleTests.release.xcconfig */;
			buildSettings = {
				ALWAYS_EMBED_SWIFT_STANDARD_LIBRARIES = YES;
				BUNDLE_LOADER = "$(TEST_HOST)";
				DEVELOPMENT_TEAM = 277RFNKK2M;
				INFOPLIST_FILE = AlamofireSampleTests/Info.plist;
				LD_RUNPATH_SEARCH_PATHS = "$(inherited) @executable_path/Frameworks @loader_path/Frameworks";
				PRODUCT_BUNDLE_IDENTIFIER = com.sedintechnologies.AlamofireSampleTests;
				PRODUCT_NAME = "$(TARGET_NAME)";
				SWIFT_VERSION = 3.0;
				TEST_HOST = "$(BUILT_PRODUCTS_DIR)/AlamofireSample.app/AlamofireSample";
			};
			name = Release;
		};
		A8F4BFC21E28A6D2001934E1 /* Debug */ = {
			isa = XCBuildConfiguration;
			baseConfigurationReference = E0176F3F4FB749C00D2CB107 /* Pods-AlamofireSampleUITests.debug.xcconfig */;
			buildSettings = {
				ALWAYS_EMBED_SWIFT_STANDARD_LIBRARIES = YES;
				DEVELOPMENT_TEAM = 277RFNKK2M;
				INFOPLIST_FILE = AlamofireSampleUITests/Info.plist;
				LD_RUNPATH_SEARCH_PATHS = "$(inherited) @executable_path/Frameworks @loader_path/Frameworks";
				PRODUCT_BUNDLE_IDENTIFIER = com.sedintechnologies.AlamofireSampleUITests;
				PRODUCT_NAME = "$(TARGET_NAME)";
				SWIFT_VERSION = 3.0;
				TEST_TARGET_NAME = AlamofireSample;
			};
			name = Debug;
		};
		A8F4BFC31E28A6D2001934E1 /* Release */ = {
			isa = XCBuildConfiguration;
			baseConfigurationReference = 0CF168E25386F0563169D016 /* Pods-AlamofireSampleUITests.release.xcconfig */;
			buildSettings = {
				ALWAYS_EMBED_SWIFT_STANDARD_LIBRARIES = YES;
				DEVELOPMENT_TEAM = 277RFNKK2M;
				INFOPLIST_FILE = AlamofireSampleUITests/Info.plist;
				LD_RUNPATH_SEARCH_PATHS = "$(inherited) @executable_path/Frameworks @loader_path/Frameworks";
				PRODUCT_BUNDLE_IDENTIFIER = com.sedintechnologies.AlamofireSampleUITests;
				PRODUCT_NAME = "$(TARGET_NAME)";
				SWIFT_VERSION = 3.0;
				TEST_TARGET_NAME = AlamofireSample;
			};
			name = Release;
		};
/* End XCBuildConfiguration section */

/* Begin XCConfigurationList section */
		A8F4BF8E1E28A6D1001934E1 /* Build configuration list for PBXProject "AlamofireSample" */ = {
			isa = XCConfigurationList;
			buildConfigurations = (
				A8F4BFB91E28A6D2001934E1 /* Debug */,
				A8F4BFBA1E28A6D2001934E1 /* Release */,
			);
			defaultConfigurationIsVisible = 0;
			defaultConfigurationName = Release;
		};
		A8F4BFBB1E28A6D2001934E1 /* Build configuration list for PBXNativeTarget "AlamofireSample" */ = {
			isa = XCConfigurationList;
			buildConfigurations = (
				A8F4BFBC1E28A6D2001934E1 /* Debug */,
				A8F4BFBD1E28A6D2001934E1 /* Release */,
			);
			defaultConfigurationIsVisible = 0;
			defaultConfigurationName = Release;
		};
		A8F4BFBE1E28A6D2001934E1 /* Build configuration list for PBXNativeTarget "AlamofireSampleTests" */ = {
			isa = XCConfigurationList;
			buildConfigurations = (
				A8F4BFBF1E28A6D2001934E1 /* Debug */,
				A8F4BFC01E28A6D2001934E1 /* Release */,
			);
			defaultConfigurationIsVisible = 0;
			defaultConfigurationName = Release;
		};
		A8F4BFC11E28A6D2001934E1 /* Build configuration list for PBXNativeTarget "AlamofireSampleUITests" */ = {
			isa = XCConfigurationList;
			buildConfigurations = (
				A8F4BFC21E28A6D2001934E1 /* Debug */,
				A8F4BFC31E28A6D2001934E1 /* Release */,
			);
			defaultConfigurationIsVisible = 0;
			defaultConfigurationName = Release;
		};
/* End XCConfigurationList section */
	};
	rootObject = A8F4BF8B1E28A6D1001934E1 /* Project object */;
}
